{
  "version": 4,
  "terraform_version": "1.11.3",
  "serial": 119,
  "lineage": "50661c96-9c7d-fa44-3504-b59badd76b2f",
  "outputs": {
    "ecs_cluster_arn": {
      "value": "arn:aws:s3:::jira-metrics-bucket-107727294862",
      "type": "string"
    },
    "ecs_cluster_id": {
      "value": "arn:aws:ecs:ap-southeast-2:107727294862:cluster/jira-metrics-cluster",
      "type": "string"
    },
    "extractor_ecr_repository_url": {
      "value": "107727294862.dkr.ecr.ap-southeast-2.amazonaws.com/jira-metrics-extractor",
      "type": "string"
    },
    "reporting_ecr_repository_url": {
      "value": "107727294862.dkr.ecr.ap-southeast-2.amazonaws.com/reporting-app",
      "type": "string"
    },
    "s3_bucket_arn": {
      "value": "arn:aws:s3:::jira-metrics-bucket-107727294862",
      "type": "string"
    },
    "s3_bucket_id": {
      "value": "jira-metrics-bucket-107727294862",
      "type": "string"
    }
  },
  "resources": [
    {
      "mode": "data",
      "type": "aws_caller_identity",
      "name": "current",
      "provider": "provider[\"registry.terraform.io/hashicorp/aws\"]",
      "instances": [
        {
          "schema_version": 0,
          "attributes": {
            "account_id": "107727294862",
            "arn": "arn:aws:iam::107727294862:root",
            "id": "107727294862",
            "user_id": "107727294862"
          },
          "sensitive_attributes": []
        }
      ]
    },
    {
      "mode": "managed",
      "type": "aws_cloudwatch_log_group",
      "name": "reporting",
      "provider": "provider[\"registry.terraform.io/hashicorp/aws\"]",
      "instances": [
        {
          "schema_version": 0,
          "attributes": {
            "arn": "arn:aws:logs:ap-southeast-2:107727294862:log-group:/ecs/jira-metrics-reporting-dev",
            "id": "/ecs/jira-metrics-reporting-dev",
            "kms_key_id": "",
            "log_group_class": "STANDARD",
            "name": "/ecs/jira-metrics-reporting-dev",
            "name_prefix": "",
            "retention_in_days": 30,
            "skip_destroy": false,
            "tags": {
              "Application": "jira-metrics",
              "Environment": "dev",
              "Name": "jira-metrics-reporting-dev"
            },
            "tags_all": {
              "Application": "jira-metrics",
              "Environment": "dev",
              "Name": "jira-metrics-reporting-dev"
            }
          },
          "sensitive_attributes": [],
          "private": "bnVsbA=="
        }
      ]
    },
    {
      "mode": "managed",
      "type": "aws_ecr_repository",
      "name": "extractor",
      "provider": "provider[\"registry.terraform.io/hashicorp/aws\"]",
      "instances": [
        {
          "schema_version": 0,
          "attributes": {
            "arn": "arn:aws:ecr:ap-southeast-2:107727294862:repository/jira-metrics-extractor",
            "encryption_configuration": [
              {
                "encryption_type": "AES256",
                "kms_key": ""
              }
            ],
            "force_delete": null,
            "id": "jira-metrics-extractor",
            "image_scanning_configuration": [
              {
                "scan_on_push": true
              }
            ],
            "image_tag_mutability": "MUTABLE",
            "name": "jira-metrics-extractor",
            "registry_id": "107727294862",
            "repository_url": "107727294862.dkr.ecr.ap-southeast-2.amazonaws.com/jira-metrics-extractor",
            "tags": {
              "Application": "jira-metrics",
              "Environment": "dev",
              "Name": "jira-metrics-extractor"
            },
            "tags_all": {
              "Application": "jira-metrics",
              "Environment": "dev",
              "Name": "jira-metrics-extractor"
            },
            "timeouts": null
          },
          "sensitive_attributes": [],
          "private": "eyJlMmJmYjczMC1lY2FhLTExZTYtOGY4OC0zNDM2M2JjN2M0YzAiOnsiZGVsZXRlIjoxMjAwMDAwMDAwMDAwfX0="
        }
      ]
    },
    {
      "mode": "managed",
      "type": "aws_ecr_repository",
      "name": "reporting",
      "provider": "provider[\"registry.terraform.io/hashicorp/aws\"]",
      "instances": [
        {
          "schema_version": 0,
          "attributes": {
            "arn": "arn:aws:ecr:ap-southeast-2:107727294862:repository/reporting-app",
            "encryption_configuration": [
              {
                "encryption_type": "AES256",
                "kms_key": ""
              }
            ],
            "force_delete": null,
            "id": "reporting-app",
            "image_scanning_configuration": [
              {
                "scan_on_push": true
              }
            ],
            "image_tag_mutability": "MUTABLE",
            "name": "reporting-app",
            "registry_id": "107727294862",
            "repository_url": "107727294862.dkr.ecr.ap-southeast-2.amazonaws.com/reporting-app",
            "tags": {
              "Application": "jira-metrics",
              "Environment": "dev",
              "Name": "reporting-app"
            },
            "tags_all": {
              "Application": "jira-metrics",
              "Environment": "dev",
              "Name": "reporting-app"
            },
            "timeouts": null
          },
          "sensitive_attributes": [],
          "private": "eyJlMmJmYjczMC1lY2FhLTExZTYtOGY4OC0zNDM2M2JjN2M0YzAiOnsiZGVsZXRlIjoxMjAwMDAwMDAwMDAwfX0="
        }
      ]
    },
    {
      "mode": "managed",
      "type": "aws_ecs_cluster",
      "name": "main",
      "provider": "provider[\"registry.terraform.io/hashicorp/aws\"]",
      "instances": [
        {
          "schema_version": 0,
          "attributes": {
            "arn": "arn:aws:ecs:ap-southeast-2:107727294862:cluster/jira-metrics-cluster",
            "configuration": [],
            "id": "arn:aws:ecs:ap-southeast-2:107727294862:cluster/jira-metrics-cluster",
            "name": "jira-metrics-cluster",
            "service_connect_defaults": [],
            "setting": [
              {
                "name": "containerInsights",
                "value": "enabled"
              }
            ],
            "tags": {
              "Application": "jira-metrics",
              "Environment": "dev",
              "Name": "jira-metrics-cluster"
            },
            "tags_all": {
              "Application": "jira-metrics",
              "Environment": "dev",
              "Name": "jira-metrics-cluster"
            }
          },
          "sensitive_attributes": [],
          "private": "bnVsbA=="
        }
      ]
    },
    {
      "mode": "managed",
      "type": "aws_ecs_service",
      "name": "reporting_app",
      "provider": "provider[\"registry.terraform.io/hashicorp/aws\"]",
      "instances": [
        {
          "schema_version": 1,
          "attributes": {
            "alarms": [],
            "availability_zone_rebalancing": "DISABLED",
            "capacity_provider_strategy": [],
            "cluster": "arn:aws:ecs:ap-southeast-2:107727294862:cluster/jira-metrics-cluster",
            "deployment_circuit_breaker": [
              {
                "enable": false,
                "rollback": false
              }
            ],
            "deployment_controller": [
              {
                "type": "ECS"
              }
            ],
            "deployment_maximum_percent": 200,
            "deployment_minimum_healthy_percent": 100,
            "desired_count": 1,
            "enable_ecs_managed_tags": false,
            "enable_execute_command": true,
            "force_delete": null,
            "force_new_deployment": null,
            "health_check_grace_period_seconds": 0,
            "iam_role": "/aws-service-role/ecs.amazonaws.com/AWSServiceRoleForECS",
            "id": "arn:aws:ecs:ap-southeast-2:107727294862:service/jira-metrics-cluster/jira-metrics-reporting-service-dev",
            "launch_type": "FARGATE",
            "load_balancer": [
              {
                "container_name": "reporting-container",
                "container_port": 8050,
                "elb_name": "",
                "target_group_arn": "arn:aws:elasticloadbalancing:ap-southeast-2:107727294862:targetgroup/jira-metrics-tg-dev/84e3a92d06ee0142"
              }
            ],
            "name": "jira-metrics-reporting-service-dev",
            "network_configuration": [
              {
                "assign_public_ip": true,
                "security_groups": [
                  "sg-0f185200de94c1396"
                ],
                "subnets": [
                  "subnet-04fed4d8e5e5fe1f1",
                  "subnet-07e5d9432048aa177"
                ]
              }
            ],
            "ordered_placement_strategy": [],
            "placement_constraints": [],
            "platform_version": "LATEST",
            "propagate_tags": "NONE",
            "scheduling_strategy": "REPLICA",
            "service_connect_configuration": [],
            "service_registries": [],
            "tags": {
              "Application": "jira-metrics",
              "Environment": "dev",
              "Name": "jira-metrics-reporting-service-dev"
            },
            "tags_all": {
              "Application": "jira-metrics",
              "Environment": "dev",
              "Name": "jira-metrics-reporting-service-dev"
            },
            "task_definition": "arn:aws:ecs:ap-southeast-2:107727294862:task-definition/jira-metrics-reporting-dev:8",
            "timeouts": null,
            "triggers": {},
            "volume_configuration": [],
            "vpc_lattice_configurations": [],
            "wait_for_steady_state": false
          },
          "sensitive_attributes": [],
          "private": "eyJlMmJmYjczMC1lY2FhLTExZTYtOGY4OC0zNDM2M2JjN2M0YzAiOnsiY3JlYXRlIjoxMjAwMDAwMDAwMDAwLCJkZWxldGUiOjEyMDAwMDAwMDAwMDAsInVwZGF0ZSI6MTIwMDAwMDAwMDAwMH0sInNjaGVtYV92ZXJzaW9uIjoiMSJ9",
          "dependencies": [
            "aws_ecr_repository.reporting",
            "aws_ecs_cluster.main",
            "aws_ecs_task_definition.reporting",
            "aws_efs_access_point.s3_data",
            "aws_efs_file_system.s3_data",
            "aws_iam_role.ecs_execution_role",
            "aws_iam_role.ecs_task_role",
            "aws_lb.main",
            "aws_lb_listener.front_end",
            "aws_lb_target_group.reporting",
            "aws_s3_bucket.main",
            "aws_security_group.alb",
            "aws_security_group.ecs_tasks",
            "aws_subnet.main",
            "data.aws_caller_identity.current"
          ]
        }
      ]
    },
    {
      "mode": "managed",
      "type": "aws_ecs_task_definition",
      "name": "reporting",
      "provider": "provider[\"registry.terraform.io/hashicorp/aws\"]",
      "instances": [
        {
          "schema_version": 1,
          "attributes": {
            "arn": "arn:aws:ecs:ap-southeast-2:107727294862:task-definition/jira-metrics-reporting-dev:8",
            "arn_without_revision": "arn:aws:ecs:ap-southeast-2:107727294862:task-definition/jira-metrics-reporting-dev",
            "container_definitions": "[{\"dependsOn\":[{\"condition\":\"SUCCESS\",\"containerName\":\"s3-sync\"}],\"environment\":[{\"name\":\"REPORTING_CSV_PATH\",\"value\":\"/mnt/s3-data/jira_metrics.csv\"}],\"essential\":true,\"healthCheck\":{\"command\":[\"CMD-SHELL\",\"curl -f http://localhost:8050/ || exit 1\"],\"interval\":30,\"retries\":3,\"startPeriod\":10,\"timeout\":5},\"image\":\"107727294862.dkr.ecr.ap-southeast-2.amazonaws.com/reporting-app:latest\",\"logConfiguration\":{\"logDriver\":\"awslogs\",\"options\":{\"awslogs-region\":\"ap-southeast-2\",\"awslogs-stream-prefix\":\"ecs\",\"awslogs-group\":\"/ecs/jira-metrics-reporting-dev\"}},\"mountPoints\":[{\"containerPath\":\"/mnt/s3-data\",\"readOnly\":true,\"sourceVolume\":\"s3-data\"}],\"name\":\"reporting-container\",\"portMappings\":[{\"containerPort\":8050,\"hostPort\":8050,\"protocol\":\"tcp\"}],\"systemControls\":[],\"volumesFrom\":[]},{\"command\":[\"s3\",\"cp\",\"s3://jira-metrics-bucket-107727294862/jira_metrics.csv\",\"/mnt/s3-data/\"],\"environment\":[],\"essential\":false,\"image\":\"amazon/aws-cli:latest\",\"logConfiguration\":{\"logDriver\":\"awslogs\",\"options\":{\"awslogs-stream-prefix\":\"ecs-s3-sync\",\"awslogs-group\":\"/ecs/jira-metrics-reporting-dev\",\"awslogs-region\":\"ap-southeast-2\"}},\"mountPoints\":[{\"containerPath\":\"/mnt/s3-data\",\"readOnly\":false,\"sourceVolume\":\"s3-data\"}],\"name\":\"s3-sync\",\"portMappings\":[],\"systemControls\":[],\"volumesFrom\":[]}]",
            "cpu": "256",
            "enable_fault_injection": false,
            "ephemeral_storage": [],
            "execution_role_arn": "arn:aws:iam::107727294862:role/jira-metrics-ecs-execution-role-dev",
            "family": "jira-metrics-reporting-dev",
            "id": "jira-metrics-reporting-dev",
            "inference_accelerator": [],
            "ipc_mode": "",
            "memory": "512",
            "network_mode": "awsvpc",
            "pid_mode": "",
            "placement_constraints": [],
            "proxy_configuration": [],
            "requires_compatibilities": [
              "FARGATE"
            ],
            "revision": 8,
            "runtime_platform": [],
            "skip_destroy": false,
            "tags": {
              "Application": "jira-metrics",
              "Environment": "dev",
              "Name": "jira-metrics-reporting-dev"
            },
            "tags_all": {
              "Application": "jira-metrics",
              "Environment": "dev",
              "Name": "jira-metrics-reporting-dev"
            },
            "task_role_arn": "arn:aws:iam::107727294862:role/jira-metrics-ecs-task-role-dev",
            "track_latest": false,
            "volume": [
              {
                "configure_at_launch": false,
                "docker_volume_configuration": [],
                "efs_volume_configuration": [
                  {
                    "authorization_config": [
                      {
                        "access_point_id": "fsap-00fba55a54a7f2a32",
                        "iam": "ENABLED"
                      }
                    ],
                    "file_system_id": "fs-004c70c022625d624",
                    "root_directory": "/",
                    "transit_encryption": "ENABLED",
                    "transit_encryption_port": 0
                  }
                ],
                "fsx_windows_file_server_volume_configuration": [],
                "host_path": "",
                "name": "s3-data"
              }
            ]
          },
          "sensitive_attributes": [],
          "private": "eyJzY2hlbWFfdmVyc2lvbiI6IjEifQ==",
          "dependencies": [
            "aws_ecr_repository.reporting",
            "aws_efs_access_point.s3_data",
            "aws_efs_file_system.s3_data",
            "aws_iam_role.ecs_execution_role",
            "aws_iam_role.ecs_task_role",
            "aws_s3_bucket.main",
            "data.aws_caller_identity.current"
          ]
        }
      ]
    },
    {
      "mode": "managed",
      "type": "aws_efs_access_point",
      "name": "s3_data",
      "provider": "provider[\"registry.terraform.io/hashicorp/aws\"]",
      "instances": [
        {
          "schema_version": 0,
          "attributes": {
            "arn": "arn:aws:elasticfilesystem:ap-southeast-2:107727294862:access-point/fsap-00fba55a54a7f2a32",
            "file_system_arn": "arn:aws:elasticfilesystem:ap-southeast-2:107727294862:file-system/fs-004c70c022625d624",
            "file_system_id": "fs-004c70c022625d624",
            "id": "fsap-00fba55a54a7f2a32",
            "owner_id": "107727294862",
            "posix_user": [],
            "root_directory": [
              {
                "creation_info": [
                  {
                    "owner_gid": 1000,
                    "owner_uid": 1000,
                    "permissions": "755"
                  }
                ],
                "path": "/data"
              }
            ],
            "tags": {
              "Application": "jira-metrics",
              "Environment": "dev",
              "Name": "jira-metrics-efs-ap-dev"
            },
            "tags_all": {
              "Application": "jira-metrics",
              "Environment": "dev",
              "Name": "jira-metrics-efs-ap-dev"
            }
          },
          "sensitive_attributes": [],
          "private": "bnVsbA==",
          "dependencies": [
            "aws_efs_file_system.s3_data"
          ]
        }
      ]
    },
    {
      "mode": "managed",
      "type": "aws_efs_file_system",
      "name": "s3_data",
      "provider": "provider[\"registry.terraform.io/hashicorp/aws\"]",
      "instances": [
        {
          "schema_version": 0,
          "attributes": {
            "arn": "arn:aws:elasticfilesystem:ap-southeast-2:107727294862:file-system/fs-004c70c022625d624",
            "availability_zone_id": "",
            "availability_zone_name": "",
            "creation_token": "jira-metrics-efs-dev",
            "dns_name": "fs-004c70c022625d624.efs.ap-southeast-2.amazonaws.com",
            "encrypted": true,
            "id": "fs-004c70c022625d624",
            "kms_key_id": "arn:aws:kms:ap-southeast-2:107727294862:key/0db0b599-6c76-4d4b-9ffb-758abea3bc27",
            "lifecycle_policy": [],
            "name": "jira-metrics-efs-dev",
            "number_of_mount_targets": 1,
            "owner_id": "107727294862",
            "performance_mode": "generalPurpose",
            "protection": [
              {
                "replication_overwrite": "ENABLED"
              }
            ],
            "provisioned_throughput_in_mibps": 0,
            "size_in_bytes": [
              {
                "value": 4458496,
                "value_in_ia": 0,
                "value_in_standard": 4458496
              }
            ],
            "tags": {
              "Application": "jira-metrics",
              "Environment": "dev",
              "Name": "jira-metrics-efs-dev"
            },
            "tags_all": {
              "Application": "jira-metrics",
              "Environment": "dev",
              "Name": "jira-metrics-efs-dev"
            },
            "throughput_mode": "bursting"
          },
          "sensitive_attributes": [],
          "private": "bnVsbA=="
        }
      ]
    },
    {
      "mode": "managed",
      "type": "aws_efs_mount_target",
      "name": "s3_data",
      "provider": "provider[\"registry.terraform.io/hashicorp/aws\"]",
      "instances": [
        {
          "schema_version": 0,
          "attributes": {
            "availability_zone_id": "apse2-az3",
            "availability_zone_name": "ap-southeast-2a",
            "dns_name": "fs-004c70c022625d624.efs.ap-southeast-2.amazonaws.com",
            "file_system_arn": "arn:aws:elasticfilesystem:ap-southeast-2:107727294862:file-system/fs-004c70c022625d624",
            "file_system_id": "fs-004c70c022625d624",
            "id": "fsmt-038b7d50a39e87588",
            "ip_address": "172.31.53.34",
            "mount_target_dns_name": "ap-southeast-2a.fs-004c70c022625d624.efs.ap-southeast-2.amazonaws.com",
            "network_interface_id": "eni-037cf7c93473ad2e1",
            "owner_id": "107727294862",
            "security_groups": [
              "sg-0452e9262053f32df"
            ],
            "subnet_id": "subnet-04fed4d8e5e5fe1f1",
            "timeouts": null
          },
          "sensitive_attributes": [],
          "private": "eyJlMmJmYjczMC1lY2FhLTExZTYtOGY4OC0zNDM2M2JjN2M0YzAiOnsiY3JlYXRlIjoxODAwMDAwMDAwMDAwLCJkZWxldGUiOjYwMDAwMDAwMDAwMH19",
          "dependencies": [
            "aws_efs_file_system.s3_data",
            "aws_security_group.alb",
            "aws_security_group.ecs_tasks",
            "aws_security_group.efs",
            "aws_subnet.main"
          ]
        }
      ]
    },
    {
      "mode": "managed",
      "type": "aws_iam_role",
      "name": "ecs_execution_role",
      "provider": "provider[\"registry.terraform.io/hashicorp/aws\"]",
      "instances": [
        {
          "schema_version": 0,
          "attributes": {
            "arn": "arn:aws:iam::107727294862:role/jira-metrics-ecs-execution-role-dev",
            "assume_role_policy": "{\"Statement\":[{\"Action\":\"sts:AssumeRole\",\"Effect\":\"Allow\",\"Principal\":{\"Service\":\"ecs-tasks.amazonaws.com\"}}],\"Version\":\"2012-10-17\"}",
            "create_date": "2025-03-29T02:27:02Z",
            "description": "",
            "force_detach_policies": false,
            "id": "jira-metrics-ecs-execution-role-dev",
            "inline_policy": [],
            "managed_policy_arns": [
              "arn:aws:iam::aws:policy/service-role/AmazonECSTaskExecutionRolePolicy"
            ],
            "max_session_duration": 3600,
            "name": "jira-metrics-ecs-execution-role-dev",
            "name_prefix": "",
            "path": "/",
            "permissions_boundary": "",
            "tags": {
              "Application": "jira-metrics",
              "Environment": "dev",
              "Name": "jira-metrics-ecs-execution-role-dev"
            },
            "tags_all": {
              "Application": "jira-metrics",
              "Environment": "dev",
              "Name": "jira-metrics-ecs-execution-role-dev"
            },
            "unique_id": "AROARSFIMCGHD3SO6T7B2"
          },
          "sensitive_attributes": [],
          "private": "bnVsbA=="
        }
      ]
    },
    {
      "mode": "managed",
      "type": "aws_iam_role",
      "name": "ecs_task_role",
      "provider": "provider[\"registry.terraform.io/hashicorp/aws\"]",
      "instances": [
        {
          "schema_version": 0,
          "attributes": {
            "arn": "arn:aws:iam::107727294862:role/jira-metrics-ecs-task-role-dev",
            "assume_role_policy": "{\"Statement\":[{\"Action\":\"sts:AssumeRole\",\"Effect\":\"Allow\",\"Principal\":{\"Service\":\"ecs-tasks.amazonaws.com\"}}],\"Version\":\"2012-10-17\"}",
            "create_date": "2025-03-29T02:27:02Z",
            "description": "",
            "force_detach_policies": false,
            "id": "jira-metrics-ecs-task-role-dev",
            "inline_policy": [
              {
                "name": "jira-metrics-ecs-task-efs-policy-dev",
                "policy": "{\"Version\":\"2012-10-17\",\"Statement\":[{\"Action\":[\"elasticfilesystem:ClientMount\",\"elasticfilesystem:ClientWrite\",\"elasticfilesystem:ClientRootAccess\"],\"Effect\":\"Allow\",\"Resource\":\"arn:aws:elasticfilesystem:ap-southeast-2:107727294862:file-system/fs-004c70c022625d624\"}]}"
              },
              {
                "name": "jira-metrics-ecs-task-s3-policy-dev",
                "policy": "{\"Version\":\"2012-10-17\",\"Statement\":[{\"Action\":[\"s3:GetObject\",\"s3:ListBucket\"],\"Effect\":\"Allow\",\"Resource\":[\"arn:aws:s3:::jira-metrics-bucket-107727294862\",\"arn:aws:s3:::jira-metrics-bucket-107727294862/*\"]}]}"
              },
              {
                "name": "jira-metrics-ecs-task-ssm-policy-dev",
                "policy": "{\"Version\":\"2012-10-17\",\"Statement\":[{\"Action\":[\"ssmmessages:CreateControlChannel\",\"ssmmessages:CreateDataChannel\",\"ssmmessages:OpenControlChannel\",\"ssmmessages:OpenDataChannel\"],\"Effect\":\"Allow\",\"Resource\":\"*\"}]}"
              }
            ],
            "managed_policy_arns": [],
            "max_session_duration": 3600,
            "name": "jira-metrics-ecs-task-role-dev",
            "name_prefix": "",
            "path": "/",
            "permissions_boundary": "",
            "tags": {
              "Application": "jira-metrics",
              "Environment": "dev",
              "Name": "jira-metrics-ecs-task-role-dev"
            },
            "tags_all": {
              "Application": "jira-metrics",
              "Environment": "dev",
              "Name": "jira-metrics-ecs-task-role-dev"
            },
            "unique_id": "AROARSFIMCGHLNOKAS4ZH"
          },
          "sensitive_attributes": [],
          "private": "bnVsbA=="
        }
      ]
    },
    {
      "mode": "managed",
      "type": "aws_iam_role_policy",
      "name": "ecs_task_efs_policy",
      "provider": "provider[\"registry.terraform.io/hashicorp/aws\"]",
      "instances": [
        {
          "schema_version": 0,
          "attributes": {
            "id": "jira-metrics-ecs-task-role-dev:jira-metrics-ecs-task-efs-policy-dev",
            "name": "jira-metrics-ecs-task-efs-policy-dev",
            "name_prefix": "",
            "policy": "{\"Version\":\"2012-10-17\",\"Statement\":[{\"Action\":[\"elasticfilesystem:ClientMount\",\"elasticfilesystem:ClientWrite\",\"elasticfilesystem:ClientRootAccess\"],\"Effect\":\"Allow\",\"Resource\":\"arn:aws:elasticfilesystem:ap-southeast-2:107727294862:file-system/fs-004c70c022625d624\"}]}",
            "role": "jira-metrics-ecs-task-role-dev"
          },
          "sensitive_attributes": [],
          "private": "bnVsbA==",
          "dependencies": [
            "aws_efs_file_system.s3_data",
            "aws_iam_role.ecs_task_role"
          ]
        }
      ]
    },
    {
      "mode": "managed",
      "type": "aws_iam_role_policy",
      "name": "ecs_task_s3_policy",
      "provider": "provider[\"registry.terraform.io/hashicorp/aws\"]",
      "instances": [
        {
          "schema_version": 0,
          "attributes": {
            "id": "jira-metrics-ecs-task-role-dev:jira-metrics-ecs-task-s3-policy-dev",
            "name": "jira-metrics-ecs-task-s3-policy-dev",
            "name_prefix": "",
            "policy": "{\"Version\":\"2012-10-17\",\"Statement\":[{\"Action\":[\"s3:GetObject\",\"s3:ListBucket\"],\"Effect\":\"Allow\",\"Resource\":[\"arn:aws:s3:::jira-metrics-bucket-107727294862\",\"arn:aws:s3:::jira-metrics-bucket-107727294862/*\"]}]}",
            "role": "jira-metrics-ecs-task-role-dev"
          },
          "sensitive_attributes": [],
          "private": "bnVsbA==",
          "dependencies": [
            "aws_iam_role.ecs_task_role",
            "aws_s3_bucket.main",
            "data.aws_caller_identity.current"
          ]
        }
      ]
    },
    {
      "mode": "managed",
      "type": "aws_iam_role_policy",
      "name": "ecs_task_ssm_policy",
      "provider": "provider[\"registry.terraform.io/hashicorp/aws\"]",
      "instances": [
        {
          "schema_version": 0,
          "attributes": {
            "id": "jira-metrics-ecs-task-role-dev:jira-metrics-ecs-task-ssm-policy-dev",
            "name": "jira-metrics-ecs-task-ssm-policy-dev",
            "name_prefix": "",
            "policy": "{\"Version\":\"2012-10-17\",\"Statement\":[{\"Action\":[\"ssmmessages:CreateControlChannel\",\"ssmmessages:CreateDataChannel\",\"ssmmessages:OpenControlChannel\",\"ssmmessages:OpenDataChannel\"],\"Effect\":\"Allow\",\"Resource\":\"*\"}]}",
            "role": "jira-metrics-ecs-task-role-dev"
          },
          "sensitive_attributes": [],
          "private": "bnVsbA==",
          "dependencies": [
            "aws_iam_role.ecs_task_role"
          ]
        }
      ]
    },
    {
      "mode": "managed",
      "type": "aws_iam_role_policy_attachment",
      "name": "ecs_execution_role_policy",
      "provider": "provider[\"registry.terraform.io/hashicorp/aws\"]",
      "instances": [
        {
          "schema_version": 0,
          "attributes": {
            "id": "jira-metrics-ecs-execution-role-dev-20250329022703921900000001",
            "policy_arn": "arn:aws:iam::aws:policy/service-role/AmazonECSTaskExecutionRolePolicy",
            "role": "jira-metrics-ecs-execution-role-dev"
          },
          "sensitive_attributes": [],
          "private": "bnVsbA==",
          "dependencies": [
            "aws_iam_role.ecs_execution_role"
          ]
        }
      ]
    },
    {
      "mode": "managed",
      "type": "aws_lb",
      "name": "main",
      "provider": "provider[\"registry.terraform.io/hashicorp/aws\"]",
      "instances": [
        {
          "schema_version": 0,
          "attributes": {
            "access_logs": [
              {
                "bucket": "",
                "enabled": false,
                "prefix": ""
              }
            ],
            "arn": "arn:aws:elasticloadbalancing:ap-southeast-2:107727294862:loadbalancer/app/jira-metrics-alb-dev/d18cfd14748f97e7",
            "arn_suffix": "app/jira-metrics-alb-dev/d18cfd14748f97e7",
            "client_keep_alive": 3600,
            "connection_logs": [
              {
                "bucket": "",
                "enabled": false,
                "prefix": ""
              }
            ],
            "customer_owned_ipv4_pool": "",
            "desync_mitigation_mode": "defensive",
            "dns_name": "jira-metrics-alb-dev-1179949670.ap-southeast-2.elb.amazonaws.com",
            "dns_record_client_routing_policy": null,
            "drop_invalid_header_fields": false,
            "enable_cross_zone_load_balancing": true,
            "enable_deletion_protection": false,
            "enable_http2": true,
            "enable_tls_version_and_cipher_suite_headers": false,
            "enable_waf_fail_open": false,
            "enable_xff_client_port": false,
            "enable_zonal_shift": false,
            "enforce_security_group_inbound_rules_on_private_link_traffic": "",
            "id": "arn:aws:elasticloadbalancing:ap-southeast-2:107727294862:loadbalancer/app/jira-metrics-alb-dev/d18cfd14748f97e7",
            "idle_timeout": 60,
            "internal": false,
            "ip_address_type": "ipv4",
            "ipam_pools": [],
            "load_balancer_type": "application",
            "name": "jira-metrics-alb-dev",
            "name_prefix": "",
            "preserve_host_header": false,
            "security_groups": [
              "sg-0bd71b0f1dee54c92"
            ],
            "subnet_mapping": [
              {
                "allocation_id": "",
                "ipv6_address": "",
                "outpost_id": "",
                "private_ipv4_address": "",
                "subnet_id": "subnet-04fed4d8e5e5fe1f1"
              },
              {
                "allocation_id": "",
                "ipv6_address": "",
                "outpost_id": "",
                "private_ipv4_address": "",
                "subnet_id": "subnet-07e5d9432048aa177"
              }
            ],
            "subnets": [
              "subnet-04fed4d8e5e5fe1f1",
              "subnet-07e5d9432048aa177"
            ],
            "tags": {
              "Application": "jira-metrics",
              "Environment": "dev",
              "Name": "jira-metrics-alb-dev"
            },
            "tags_all": {
              "Application": "jira-metrics",
              "Environment": "dev",
              "Name": "jira-metrics-alb-dev"
            },
            "timeouts": null,
            "vpc_id": "vpc-55415b31",
            "xff_header_processing_mode": "append",
            "zone_id": "Z1GM3OXH4ZPM65"
          },
          "sensitive_attributes": [],
          "private": "eyJlMmJmYjczMC1lY2FhLTExZTYtOGY4OC0zNDM2M2JjN2M0YzAiOnsiY3JlYXRlIjo2MDAwMDAwMDAwMDAsImRlbGV0ZSI6NjAwMDAwMDAwMDAwLCJ1cGRhdGUiOjYwMDAwMDAwMDAwMH19",
          "dependencies": [
            "aws_security_group.alb",
            "aws_subnet.main"
          ]
        }
      ]
    },
    {
      "mode": "managed",
      "type": "aws_lb_listener",
      "name": "front_end",
      "provider": "provider[\"registry.terraform.io/hashicorp/aws\"]",
      "instances": [
        {
          "schema_version": 0,
          "attributes": {
            "alpn_policy": null,
            "arn": "arn:aws:elasticloadbalancing:ap-southeast-2:107727294862:listener/app/jira-metrics-alb-dev/d18cfd14748f97e7/4230cd2327e595ee",
            "certificate_arn": null,
            "default_action": [
              {
                "authenticate_cognito": [],
                "authenticate_oidc": [],
                "fixed_response": [],
                "forward": [],
                "order": 1,
                "redirect": [],
                "target_group_arn": "arn:aws:elasticloadbalancing:ap-southeast-2:107727294862:targetgroup/jira-metrics-tg-dev/84e3a92d06ee0142",
                "type": "forward"
              }
            ],
            "id": "arn:aws:elasticloadbalancing:ap-southeast-2:107727294862:listener/app/jira-metrics-alb-dev/d18cfd14748f97e7/4230cd2327e595ee",
            "load_balancer_arn": "arn:aws:elasticloadbalancing:ap-southeast-2:107727294862:loadbalancer/app/jira-metrics-alb-dev/d18cfd14748f97e7",
            "mutual_authentication": [],
            "port": 80,
            "protocol": "HTTP",
            "routing_http_request_x_amzn_mtls_clientcert_header_name": null,
            "routing_http_request_x_amzn_mtls_clientcert_issuer_header_name": null,
            "routing_http_request_x_amzn_mtls_clientcert_leaf_header_name": null,
            "routing_http_request_x_amzn_mtls_clientcert_serial_number_header_name": null,
            "routing_http_request_x_amzn_mtls_clientcert_subject_header_name": null,
            "routing_http_request_x_amzn_mtls_clientcert_validity_header_name": null,
            "routing_http_request_x_amzn_tls_cipher_suite_header_name": null,
            "routing_http_request_x_amzn_tls_version_header_name": null,
            "routing_http_response_access_control_allow_credentials_header_value": "",
            "routing_http_response_access_control_allow_headers_header_value": "",
            "routing_http_response_access_control_allow_methods_header_value": "",
            "routing_http_response_access_control_allow_origin_header_value": "",
            "routing_http_response_access_control_expose_headers_header_value": "",
            "routing_http_response_access_control_max_age_header_value": "",
            "routing_http_response_content_security_policy_header_value": "",
            "routing_http_response_server_enabled": false,
            "routing_http_response_strict_transport_security_header_value": "",
            "routing_http_response_x_content_type_options_header_value": "",
            "routing_http_response_x_frame_options_header_value": "",
            "ssl_policy": "",
            "tags": {},
            "tags_all": {},
            "tcp_idle_timeout_seconds": null,
            "timeouts": null
          },
          "sensitive_attributes": [],
          "private": "eyJlMmJmYjczMC1lY2FhLTExZTYtOGY4OC0zNDM2M2JjN2M0YzAiOnsiY3JlYXRlIjozMDAwMDAwMDAwMDAsInVwZGF0ZSI6MzAwMDAwMDAwMDAwfX0=",
          "dependencies": [
            "aws_lb.main",
            "aws_lb_target_group.reporting",
            "aws_security_group.alb",
            "aws_subnet.main"
          ]
        }
      ]
    },
    {
      "mode": "managed",
      "type": "aws_lb_target_group",
      "name": "reporting",
      "provider": "provider[\"registry.terraform.io/hashicorp/aws\"]",
      "instances": [
        {
          "schema_version": 0,
          "attributes": {
            "arn": "arn:aws:elasticloadbalancing:ap-southeast-2:107727294862:targetgroup/jira-metrics-tg-dev/84e3a92d06ee0142",
            "arn_suffix": "targetgroup/jira-metrics-tg-dev/84e3a92d06ee0142",
            "connection_termination": null,
            "deregistration_delay": "60",
            "health_check": [
              {
                "enabled": true,
                "healthy_threshold": 2,
                "interval": 60,
                "matcher": "200",
                "path": "/",
                "port": "8050",
                "protocol": "HTTP",
                "timeout": 30,
                "unhealthy_threshold": 5
              }
            ],
            "id": "arn:aws:elasticloadbalancing:ap-southeast-2:107727294862:targetgroup/jira-metrics-tg-dev/84e3a92d06ee0142",
            "ip_address_type": "ipv4",
            "lambda_multi_value_headers_enabled": false,
            "load_balancer_arns": [
              "arn:aws:elasticloadbalancing:ap-southeast-2:107727294862:loadbalancer/app/jira-metrics-alb-dev/d18cfd14748f97e7"
            ],
            "load_balancing_algorithm_type": "round_robin",
            "load_balancing_anomaly_mitigation": "off",
            "load_balancing_cross_zone_enabled": "use_load_balancer_configuration",
            "name": "jira-metrics-tg-dev",
            "name_prefix": "",
            "port": 8050,
            "preserve_client_ip": null,
            "protocol": "HTTP",
            "protocol_version": "HTTP1",
            "proxy_protocol_v2": false,
            "slow_start": 0,
            "stickiness": [
              {
                "cookie_duration": 86400,
                "cookie_name": "",
                "enabled": false,
                "type": "lb_cookie"
              }
            ],
            "tags": {
              "Application": "jira-metrics",
              "Environment": "dev",
              "Name": "jira-metrics-tg-dev"
            },
            "tags_all": {
              "Application": "jira-metrics",
              "Environment": "dev",
              "Name": "jira-metrics-tg-dev"
            },
            "target_failover": [
              {
                "on_deregistration": null,
                "on_unhealthy": null
              }
            ],
            "target_group_health": [
              {
                "dns_failover": [
                  {
                    "minimum_healthy_targets_count": "1",
                    "minimum_healthy_targets_percentage": "off"
                  }
                ],
                "unhealthy_state_routing": [
                  {
                    "minimum_healthy_targets_count": 1,
                    "minimum_healthy_targets_percentage": "off"
                  }
                ]
              }
            ],
            "target_health_state": [
              {
                "enable_unhealthy_connection_termination": null,
                "unhealthy_draining_interval": null
              }
            ],
            "target_type": "ip",
            "vpc_id": "vpc-55415b31"
          },
          "sensitive_attributes": [],
          "private": "bnVsbA=="
        }
      ]
    },
    {
      "mode": "managed",
      "type": "aws_resourcegroups_group",
      "name": "main",
      "provider": "provider[\"registry.terraform.io/hashicorp/aws\"]",
      "instances": [
        {
          "schema_version": 0,
          "attributes": {
            "arn": "arn:aws:resource-groups:ap-southeast-2:107727294862:group/jira-metrics-dev-group",
            "configuration": [],
            "description": "",
            "id": "jira-metrics-dev-group",
            "name": "jira-metrics-dev-group",
            "resource_query": [
              {
                "query": "{\"ResourceTypeFilters\":[\"AWS::AllSupported\"],\"TagFilters\":[{\"Key\":\"Environment\",\"Values\":[\"dev\"]},{\"Key\":\"Application\",\"Values\":[\"jira-metrics\"]}]}",
                "type": "TAG_FILTERS_1_0"
              }
            ],
            "tags": {
              "Application": "jira-metrics",
              "Environment": "dev",
              "Name": "jira-metrics-dev-group"
            },
            "tags_all": {
              "Application": "jira-metrics",
              "Environment": "dev",
              "Name": "jira-metrics-dev-group"
            },
            "timeouts": null
          },
          "sensitive_attributes": [],
          "private": "eyJlMmJmYjczMC1lY2FhLTExZTYtOGY4OC0zNDM2M2JjN2M0YzAiOnsiY3JlYXRlIjo5MDAwMDAwMDAwMDAsInVwZGF0ZSI6OTAwMDAwMDAwMDAwfX0="
        }
      ]
    },
    {
      "mode": "managed",
      "type": "aws_s3_bucket",
      "name": "main",
      "provider": "provider[\"registry.terraform.io/hashicorp/aws\"]",
      "instances": [
        {
          "schema_version": 0,
          "attributes": {
            "acceleration_status": "",
            "acl": null,
            "arn": "arn:aws:s3:::jira-metrics-bucket-107727294862",
            "bucket": "jira-metrics-bucket-107727294862",
            "bucket_domain_name": "jira-metrics-bucket-107727294862.s3.amazonaws.com",
            "bucket_prefix": "",
            "bucket_regional_domain_name": "jira-metrics-bucket-107727294862.s3.ap-southeast-2.amazonaws.com",
            "cors_rule": [],
            "force_destroy": false,
            "grant": [
              {
                "id": "63379de7cfab5b8b7d58aff09247911bb63831acb41a5618246037c7f77cd47e",
                "permissions": [
                  "FULL_CONTROL"
                ],
                "type": "CanonicalUser",
                "uri": ""
              }
            ],
            "hosted_zone_id": "Z1WCIGYICN2BYD",
            "id": "jira-metrics-bucket-107727294862",
            "lifecycle_rule": [],
            "logging": [],
            "object_lock_configuration": [],
            "object_lock_enabled": false,
            "policy": "",
            "region": "ap-southeast-2",
            "replication_configuration": [],
            "request_payer": "BucketOwner",
            "server_side_encryption_configuration": [
              {
                "rule": [
                  {
                    "apply_server_side_encryption_by_default": [
                      {
                        "kms_master_key_id": "",
                        "sse_algorithm": "AES256"
                      }
                    ],
                    "bucket_key_enabled": false
                  }
                ]
              }
            ],
            "tags": {
              "Application": "jira-metrics",
              "Environment": "dev",
              "Name": "jira-metrics-bucket"
            },
            "tags_all": {
              "Application": "jira-metrics",
              "Environment": "dev",
              "Name": "jira-metrics-bucket"
            },
            "timeouts": null,
            "versioning": [
              {
                "enabled": true,
                "mfa_delete": false
              }
            ],
            "website": [],
            "website_domain": null,
            "website_endpoint": null
          },
          "sensitive_attributes": [],
          "private": "eyJlMmJmYjczMC1lY2FhLTExZTYtOGY4OC0zNDM2M2JjN2M0YzAiOnsiY3JlYXRlIjoxMjAwMDAwMDAwMDAwLCJkZWxldGUiOjM2MDAwMDAwMDAwMDAsInJlYWQiOjEyMDAwMDAwMDAwMDAsInVwZGF0ZSI6MTIwMDAwMDAwMDAwMH19",
          "dependencies": [
            "data.aws_caller_identity.current"
          ]
        }
      ]
    },
    {
      "mode": "managed",
      "type": "aws_s3_bucket_versioning",
      "name": "versioning",
      "provider": "provider[\"registry.terraform.io/hashicorp/aws\"]",
      "instances": [
        {
          "schema_version": 0,
          "attributes": {
            "bucket": "jira-metrics-bucket-107727294862",
            "expected_bucket_owner": "",
            "id": "jira-metrics-bucket-107727294862",
            "mfa": null,
            "versioning_configuration": [
              {
                "mfa_delete": "",
                "status": "Enabled"
              }
            ]
          },
          "sensitive_attributes": [],
          "private": "bnVsbA==",
          "dependencies": [
            "aws_s3_bucket.main",
            "data.aws_caller_identity.current"
          ]
        }
      ]
    },
    {
      "mode": "managed",
      "type": "aws_security_group",
      "name": "alb",
      "provider": "provider[\"registry.terraform.io/hashicorp/aws\"]",
      "instances": [
        {
          "schema_version": 1,
          "attributes": {
            "arn": "arn:aws:ec2:ap-southeast-2:107727294862:security-group/sg-0bd71b0f1dee54c92",
            "description": "Security group for ALB",
            "egress": [
              {
                "cidr_blocks": [
                  "0.0.0.0/0"
                ],
                "description": "",
                "from_port": 0,
                "ipv6_cidr_blocks": [],
                "prefix_list_ids": [],
                "protocol": "-1",
                "security_groups": [],
                "self": false,
                "to_port": 0
              },
              {
                "cidr_blocks": [],
                "description": "Allow outbound traffic to ECS tasks",
                "from_port": 8050,
                "ipv6_cidr_blocks": [],
                "prefix_list_ids": [],
                "protocol": "tcp",
                "security_groups": [
                  "sg-0f185200de94c1396"
                ],
                "self": false,
                "to_port": 8050
              }
            ],
            "id": "sg-0bd71b0f1dee54c92",
            "ingress": [
              {
                "cidr_blocks": [
                  "0.0.0.0/0"
                ],
                "description": "Allow HTTP inbound traffic",
                "from_port": 80,
                "ipv6_cidr_blocks": [],
                "prefix_list_ids": [],
                "protocol": "tcp",
                "security_groups": [],
                "self": false,
                "to_port": 80
              }
            ],
            "name": "jira-metrics-alb-sg-dev",
            "name_prefix": "",
            "owner_id": "107727294862",
            "revoke_rules_on_delete": false,
            "tags": {
              "Application": "jira-metrics",
              "Environment": "dev",
              "Name": "jira-metrics-alb-sg-dev"
            },
            "tags_all": {
              "Application": "jira-metrics",
              "Environment": "dev",
              "Name": "jira-metrics-alb-sg-dev"
            },
            "timeouts": null,
            "vpc_id": "vpc-55415b31"
          },
          "sensitive_attributes": [],
          "private": "eyJlMmJmYjczMC1lY2FhLTExZTYtOGY4OC0zNDM2M2JjN2M0YzAiOnsiY3JlYXRlIjo2MDAwMDAwMDAwMDAsImRlbGV0ZSI6OTAwMDAwMDAwMDAwfSwic2NoZW1hX3ZlcnNpb24iOiIxIn0="
        }
      ]
    },
    {
      "mode": "managed",
      "type": "aws_security_group",
      "name": "ecs_tasks",
      "provider": "provider[\"registry.terraform.io/hashicorp/aws\"]",
      "instances": [
        {
          "schema_version": 1,
          "attributes": {
            "arn": "arn:aws:ec2:ap-southeast-2:107727294862:security-group/sg-0f185200de94c1396",
            "description": "Security group for ECS tasks",
            "egress": [
              {
                "cidr_blocks": [
                  "0.0.0.0/0"
                ],
                "description": "Allow all outbound traffic",
                "from_port": 0,
                "ipv6_cidr_blocks": [],
                "prefix_list_ids": [],
                "protocol": "-1",
                "security_groups": [],
                "self": false,
                "to_port": 0
              }
            ],
            "id": "sg-0f185200de94c1396",
            "ingress": [
              {
                "cidr_blocks": [
                  "0.0.0.0/0"
                ],
                "description": "Allow public inbound traffic to container port",
                "from_port": 8050,
                "ipv6_cidr_blocks": [],
                "prefix_list_ids": [],
                "protocol": "tcp",
                "security_groups": [],
                "self": false,
                "to_port": 8050
              },
              {
                "cidr_blocks": [],
                "description": "Allow NFS traffic between ECS tasks",
                "from_port": 2049,
                "ipv6_cidr_blocks": [],
                "prefix_list_ids": [],
                "protocol": "tcp",
                "security_groups": [],
                "self": true,
                "to_port": 2049
              },
              {
                "cidr_blocks": [],
                "description": "Allow inbound traffic from ALB",
                "from_port": 8050,
                "ipv6_cidr_blocks": [],
                "prefix_list_ids": [],
                "protocol": "tcp",
                "security_groups": [
                  "sg-0bd71b0f1dee54c92"
                ],
                "self": false,
                "to_port": 8050
              }
            ],
            "name": "jira-metrics-ecs-tasks-sg-dev",
            "name_prefix": "",
            "owner_id": "107727294862",
            "revoke_rules_on_delete": false,
            "tags": {
              "Application": "jira-metrics",
              "Environment": "dev",
              "Name": "jira-metrics-ecs-tasks-sg-dev"
            },
            "tags_all": {
              "Application": "jira-metrics",
              "Environment": "dev",
              "Name": "jira-metrics-ecs-tasks-sg-dev"
            },
            "timeouts": null,
            "vpc_id": "vpc-55415b31"
          },
          "sensitive_attributes": [],
          "private": "eyJlMmJmYjczMC1lY2FhLTExZTYtOGY4OC0zNDM2M2JjN2M0YzAiOnsiY3JlYXRlIjo2MDAwMDAwMDAwMDAsImRlbGV0ZSI6OTAwMDAwMDAwMDAwfSwic2NoZW1hX3ZlcnNpb24iOiIxIn0=",
          "dependencies": [
            "aws_security_group.alb"
          ]
        }
      ]
    },
    {
      "mode": "managed",
      "type": "aws_security_group",
      "name": "efs",
      "provider": "provider[\"registry.terraform.io/hashicorp/aws\"]",
      "instances": [
        {
          "schema_version": 1,
          "attributes": {
            "arn": "arn:aws:ec2:ap-southeast-2:107727294862:security-group/sg-0452e9262053f32df",
            "description": "Security group for EFS mount targets",
            "egress": [
              {
                "cidr_blocks": [],
                "description": "Allow all outbound traffic to ECS tasks",
                "from_port": 0,
                "ipv6_cidr_blocks": [],
                "prefix_list_ids": [],
                "protocol": "-1",
                "security_groups": [
                  "sg-0f185200de94c1396"
                ],
                "self": false,
                "to_port": 0
              }
            ],
            "id": "sg-0452e9262053f32df",
            "ingress": [
              {
                "cidr_blocks": [],
                "description": "NFS from ECS tasks",
                "from_port": 2049,
                "ipv6_cidr_blocks": [],
                "prefix_list_ids": [],
                "protocol": "tcp",
                "security_groups": [
                  "sg-0f185200de94c1396"
                ],
                "self": false,
                "to_port": 2049
              }
            ],
            "name": "jira-metrics-efs-sg-dev",
            "name_prefix": "",
            "owner_id": "107727294862",
            "revoke_rules_on_delete": false,
            "tags": {
              "Application": "jira-metrics",
              "Environment": "dev",
              "Name": "jira-metrics-efs-sg-dev"
            },
            "tags_all": {
              "Application": "jira-metrics",
              "Environment": "dev",
              "Name": "jira-metrics-efs-sg-dev"
            },
            "timeouts": null,
            "vpc_id": "vpc-55415b31"
          },
          "sensitive_attributes": [],
          "private": "eyJlMmJmYjczMC1lY2FhLTExZTYtOGY4OC0zNDM2M2JjN2M0YzAiOnsiY3JlYXRlIjo2MDAwMDAwMDAwMDAsImRlbGV0ZSI6OTAwMDAwMDAwMDAwfSwic2NoZW1hX3ZlcnNpb24iOiIxIn0=",
          "dependencies": [
            "aws_security_group.alb",
            "aws_security_group.ecs_tasks"
          ]
        }
      ]
    },
    {
      "mode": "managed",
      "type": "aws_subnet",
      "name": "main",
      "provider": "provider[\"registry.terraform.io/hashicorp/aws\"]",
      "instances": [
        {
          "index_key": 0,
          "schema_version": 1,
          "attributes": {
            "arn": "arn:aws:ec2:ap-southeast-2:107727294862:subnet/subnet-04fed4d8e5e5fe1f1",
            "assign_ipv6_address_on_creation": false,
            "availability_zone": "ap-southeast-2a",
            "availability_zone_id": "apse2-az3",
            "cidr_block": "172.31.48.0/20",
            "customer_owned_ipv4_pool": "",
            "enable_dns64": false,
            "enable_lni_at_device_index": 0,
            "enable_resource_name_dns_a_record_on_launch": false,
            "enable_resource_name_dns_aaaa_record_on_launch": false,
            "id": "subnet-04fed4d8e5e5fe1f1",
            "ipv6_cidr_block": "",
            "ipv6_cidr_block_association_id": "",
            "ipv6_native": false,
            "map_customer_owned_ip_on_launch": false,
            "map_public_ip_on_launch": true,
            "outpost_arn": "",
            "owner_id": "107727294862",
            "private_dns_hostname_type_on_launch": "ip-name",
            "tags": {
              "Application": "jira-metrics",
              "Environment": "dev",
              "Name": "jira-metrics-subnet-dev-1"
            },
            "tags_all": {
              "Application": "jira-metrics",
              "Environment": "dev",
              "Name": "jira-metrics-subnet-dev-1"
            },
            "timeouts": null,
            "vpc_id": "vpc-55415b31"
          },
          "sensitive_attributes": [],
          "private": "eyJlMmJmYjczMC1lY2FhLTExZTYtOGY4OC0zNDM2M2JjN2M0YzAiOnsiY3JlYXRlIjo2MDAwMDAwMDAwMDAsImRlbGV0ZSI6MTIwMDAwMDAwMDAwMH0sInNjaGVtYV92ZXJzaW9uIjoiMSJ9"
        },
        {
          "index_key": 1,
          "schema_version": 1,
          "attributes": {
            "arn": "arn:aws:ec2:ap-southeast-2:107727294862:subnet/subnet-07e5d9432048aa177",
            "assign_ipv6_address_on_creation": false,
            "availability_zone": "ap-southeast-2b",
            "availability_zone_id": "apse2-az1",
            "cidr_block": "172.31.64.0/20",
            "customer_owned_ipv4_pool": "",
            "enable_dns64": false,
            "enable_lni_at_device_index": 0,
            "enable_resource_name_dns_a_record_on_launch": false,
            "enable_resource_name_dns_aaaa_record_on_launch": false,
            "id": "subnet-07e5d9432048aa177",
            "ipv6_cidr_block": "",
            "ipv6_cidr_block_association_id": "",
            "ipv6_native": false,
            "map_customer_owned_ip_on_launch": false,
            "map_public_ip_on_launch": true,
            "outpost_arn": "",
            "owner_id": "107727294862",
            "private_dns_hostname_type_on_launch": "ip-name",
            "tags": {
              "Application": "jira-metrics",
              "Environment": "dev",
              "Name": "jira-metrics-subnet-dev-2"
            },
            "tags_all": {
              "Application": "jira-metrics",
              "Environment": "dev",
              "Name": "jira-metrics-subnet-dev-2"
            },
            "timeouts": null,
            "vpc_id": "vpc-55415b31"
          },
          "sensitive_attributes": [],
          "private": "eyJlMmJmYjczMC1lY2FhLTExZTYtOGY4OC0zNDM2M2JjN2M0YzAiOnsiY3JlYXRlIjo2MDAwMDAwMDAwMDAsImRlbGV0ZSI6MTIwMDAwMDAwMDAwMH0sInNjaGVtYV92ZXJzaW9uIjoiMSJ9"
        }
      ]
    }
  ],
  "check_results": null
}
